
Microsoft Visual Studio Solution File, Format Version 12.00
# Visual Studio Version 16
VisualStudioVersion = 16.0.30011.22
MinimumVisualStudioVersion = 10.0.40219.1
Project("{FAE04EC0-301F-11D3-BF4B-00C04F79EFBC}") = "appParcial2", "appParcial2\appParcial2.csproj", "{E6F842A9-8347-4930-ADEC-2789365E7C3D}"
EndProject
Global
	GlobalSection(SolutionConfigurationPlatforms) = preSolution
		Debug|Any CPU = Debug|Any CPU
		Release|Any CPU = Release|Any CPU
	EndGlobalSection
	GlobalSection(ProjectConfigurationPlatforms) = postSolution
		{E6F842A9-8347-4930-ADEC-2789365E7C3D}.Debug|Any CPU.ActiveCfg = Debug|Any CPU
		{E6F842A9-8347-4930-ADEC-2789365E7C3D}.Debug|Any CPU.Build.0 = Debug|Any CPU
		{E6F842A9-8347-4930-ADEC-2789365E7C3D}.Release|Any CPU.ActiveCfg = Release|Any CPU
		{E6F842A9-8347-4930-ADEC-2789365E7C3D}.Release|Any CPU.Build.0 = Release|Any CPU
	EndGlobalSection
	GlobalSection(SolutionProperties) = preSolution
		HideSolutionNode = FALSE
	EndGlobalSection
	GlobalSection(ExtensibilityGlobals) = postSolution
		SolutionGuid = {D0CEF3F1-1977-4B0E-9C81-4832DC80D7B1}
	EndGlobalSection
EndGlobal
